
Microsoft Visual Studio Solution File, Format Version 12.00
# Visual Studio Version 16
VisualStudioVersion = 16.0.29709.97
MinimumVisualStudioVersion = 10.0.40219.1
Project("{FAE04EC0-301F-11D3-BF4B-00C04F79EFBC}") = "Jakubostateczniejpwp", "Jakubostateczniejpwp\Jakubostateczniejpwp.csproj", "{18EC7C27-76B7-4A77-A3CE-DB35E341B596}"
EndProject
Global
	GlobalSection(SolutionConfigurationPlatforms) = preSolution
		Debug|Any CPU = Debug|Any CPU
		Release|Any CPU = Release|Any CPU
	EndGlobalSection
	GlobalSection(ProjectConfigurationPlatforms) = postSolution
		{18EC7C27-76B7-4A77-A3CE-DB35E341B596}.Debug|Any CPU.ActiveCfg = Debug|Any CPU
		{18EC7C27-76B7-4A77-A3CE-DB35E341B596}.Debug|Any CPU.Build.0 = Debug|Any CPU
		{18EC7C27-76B7-4A77-A3CE-DB35E341B596}.Release|Any CPU.ActiveCfg = Release|Any CPU
		{18EC7C27-76B7-4A77-A3CE-DB35E341B596}.Release|Any CPU.Build.0 = Release|Any CPU
	EndGlobalSection
	GlobalSection(SolutionProperties) = preSolution
		HideSolutionNode = FALSE
	EndGlobalSection
	GlobalSection(ExtensibilityGlobals) = postSolution
		SolutionGuid = {FD4A202F-67A8-4092-9327-6B039EB4F095}
	EndGlobalSection
EndGlobal
